
Microsoft Visual Studio Solution File, Format Version 12.00
# Visual Studio Version 17
VisualStudioVersion = 17.9.34607.119
MinimumVisualStudioVersion = 10.0.40219.1
Project("{9A19103F-16F7-4668-BE54-9A1E7A4F7556}") = "FREYA_BLIZZ", "FREYA_BLIZZ.csproj", "{A753EF0C-DEE7-45F7-B772-1F6AB941B502}"
EndProject
Global
	GlobalSection(SolutionConfigurationPlatforms) = preSolution
		Debug|Any CPU = Debug|Any CPU
		Release|Any CPU = Release|Any CPU
	EndGlobalSection
	GlobalSection(ProjectConfigurationPlatforms) = postSolution
		{A753EF0C-DEE7-45F7-B772-1F6AB941B502}.Debug|Any CPU.ActiveCfg = Debug|Any CPU
		{A753EF0C-DEE7-45F7-B772-1F6AB941B502}.Debug|Any CPU.Build.0 = Debug|Any CPU
		{A753EF0C-DEE7-45F7-B772-1F6AB941B502}.Debug|Any CPU.Deploy.0 = Debug|Any CPU
		{A753EF0C-DEE7-45F7-B772-1F6AB941B502}.Release|Any CPU.ActiveCfg = Release|Any CPU
		{A753EF0C-DEE7-45F7-B772-1F6AB941B502}.Release|Any CPU.Build.0 = Release|Any CPU
		{A753EF0C-DEE7-45F7-B772-1F6AB941B502}.Release|Any CPU.Deploy.0 = Release|Any CPU
	EndGlobalSection
	GlobalSection(SolutionProperties) = preSolution
		HideSolutionNode = FALSE
	EndGlobalSection
	GlobalSection(ExtensibilityGlobals) = postSolution
		SolutionGuid = {2D384D43-48CE-4DCC-82CF-5AB8E4A99928}
	EndGlobalSection
EndGlobal
